<?xml version="1.0" encoding="utf-8"?>
<Project ToolsVersion="4.0" xmlns="http://schemas.microsoft.com/developer/msbuild/2003">
  <ItemGroup>
    <Filter Include="Nucleus">
      <UniqueIdentifier>{C4212690-3001-A52B-3919-3002A5770B8D}</UniqueIdentifier>
    </Filter>
    <Filter Include="Nucleus\Events">
      <UniqueIdentifier>{28A9B353-1477-A759-FD0A-1880E97783BE}</UniqueIdentifier>
    </Filter>
  </ItemGroup>
  <ItemGroup>
    <ClInclude Include="src\Nucleus.h" />
    <ClInclude Include="src\Nucleus\Application.h">
      <Filter>Nucleus</Filter>
    </ClInclude>
    <ClInclude Include="src\Nucleus\Core.h">
      <Filter>Nucleus</Filter>
    </ClInclude>
    <ClInclude Include="src\Nucleus\EntryPoint.h">
      <Filter>Nucleus</Filter>
    </ClInclude>
    <ClInclude Include="src\Nucleus\Events\ApplicationEvent.h">
      <Filter>Nucleus\Events</Filter>
    </ClInclude>
    <ClInclude Include="src\Nucleus\Events\Event.h">
      <Filter>Nucleus\Events</Filter>
    </ClInclude>
    <ClInclude Include="src\Nucleus\Events\KeyEvent.h">
      <Filter>Nucleus\Events</Filter>
    </ClInclude>
    <ClInclude Include="src\Nucleus\Events\MouseEvent.h">
      <Filter>Nucleus\Events</Filter>
    </ClInclude>
    <ClInclude Include="src\Nucleus\Log.h">
      <Filter>Nucleus</Filter>
    </ClInclude>
    <ClInclude Include="src\ncpch.h" />
    <ClInclude Include="src\Nucleus\Window.h" />
    <ClInclude Include="src\Platform\Windows\WindowsWindow.h" />
  </ItemGroup>
  <ItemGroup>
    <ClCompile Include="src\Nucleus\Application.cpp">
      <Filter>Nucleus</Filter>
    </ClCompile>
    <ClCompile Include="src\Nucleus\Log.cpp">
      <Filter>Nucleus</Filter>
    </ClCompile>
    <ClCompile Include="src\ncpch.cpp" />
    <ClCompile Include="src\Platform\Windows\WindowsWindow.cpp" />
  </ItemGroup>
</Project>